// !$*UTF8*$!
{
	archiveVersion = 1;
	classes = {
	};
	objectVersion = 46;
	objects = {

/* Begin PBXBuildFile section */
		1995336A1CE8F74100EE8A49 /* AppDelegate.swift in Sources */ = {isa = PBXBuildFile; fileRef = 199533691CE8F74100EE8A49 /* AppDelegate.swift */; };
		1995336C1CE8F74100EE8A49 /* ViewController.swift in Sources */ = {isa = PBXBuildFile; fileRef = 1995336B1CE8F74100EE8A49 /* ViewController.swift */; };
		1995336F1CE8F74100EE8A49 /* Main.storyboard in Resources */ = {isa = PBXBuildFile; fileRef = 1995336D1CE8F74100EE8A49 /* Main.storyboard */; };
		199533711CE8F74100EE8A49 /* Assets.xcassets in Resources */ = {isa = PBXBuildFile; fileRef = 199533701CE8F74100EE8A49 /* Assets.xcassets */; };
		199533741CE8F74100EE8A49 /* LaunchScreen.storyboard in Resources */ = {isa = PBXBuildFile; fileRef = 199533721CE8F74100EE8A49 /* LaunchScreen.storyboard */; };
		1996DCBC1CE93D93005336C3 /* CalculatorBrain.swift in Sources */ = {isa = PBXBuildFile; fileRef = 1996DCBB1CE93D93005336C3 /* CalculatorBrain.swift */; };
/* End PBXBuildFile section */

/* Begin PBXFileReference section */
		199533661CE8F74100EE8A49 /* Calculator.app */ = {isa = PBXFileReference; explicitFileType = wrapper.application; includeInIndex = 0; path = Calculator.app; sourceTree = BUILT_PRODUCTS_DIR; };
		199533691CE8F74100EE8A49 /* AppDelegate.swift */ = {isa = PBXFileReference; lastKnownFileType = sourcecode.swift; path = AppDelegate.swift; sourceTree = "<group>"; };
		1995336B1CE8F74100EE8A49 /* ViewController.swift */ = {isa = PBXFileReference; lastKnownFileType = sourcecode.swift; path = ViewController.swift; sourceTree = "<group>"; };
		1995336E1CE8F74100EE8A49 /* Base */ = {isa = PBXFileReference; lastKnownFileType = file.storyboard; name = Base; path = Base.lproj/Main.storyboard; sourceTree = "<group>"; };
		199533701CE8F74100EE8A49 /* Assets.xcassets */ = {isa = PBXFileReference; lastKnownFileType = folder.assetcatalog; path = Assets.xcassets; sourceTree = "<group>"; };
		199533731CE8F74100EE8A49 /* Base */ = {isa = PBXFileReference; lastKnownFileType = file.storyboard; name = Base; path = Base.lproj/LaunchScreen.storyboard; sourceTree = "<group>"; };
		199533751CE8F74100EE8A49 /* Info.plist */ = {isa = PBXFileReference; lastKnownFileType = text.plist.xml; path = Info.plist; sourceTree = "<group>"; };
		1996DCBB1CE93D93005336C3 /* CalculatorBrain.swift */ = {isa = PBXFileReference; fileEncoding = 4; lastKnownFileType = sourcecode.swift; path = CalculatorBrain.swift; sourceTree = "<group>"; };
/* End PBXFileReference section */

/* Begin PBXFrameworksBuildPhase section */
		199533631CE8F74100EE8A49 /* Frameworks */ = {
			isa = PBXFrameworksBuildPhase;
			buildActionMask = 2147483647;
			files = (
			);
			runOnlyForDeploymentPostprocessing = 0;
		};
/* End PBXFrameworksBuildPhase section */

/* Begin PBXGroup section */
		1995335D1CE8F74100EE8A49 = {
			isa = PBXGroup;
			children = (
				199533681CE8F74100EE8A49 /* Calculator */,
				199533671CE8F74100EE8A49 /* Products */,
			);
			sourceTree = "<group>";
		};
		199533671CE8F74100EE8A49 /* Products */ = {
			isa = PBXGroup;
			children = (
				199533661CE8F74100EE8A49 /* Calculator.app */,
			);
			name = Products;
			sourceTree = "<group>";
		};
		199533681CE8F74100EE8A49 /* Calculator */ = {
			isa = PBXGroup;
			children = (
				1995336B1CE8F74100EE8A49 /* ViewController.swift */,
				1995336D1CE8F74100EE8A49 /* Main.storyboard */,
				1996DCBB1CE93D93005336C3 /* CalculatorBrain.swift */,
				1995337B1CE8FA7C00EE8A49 /* Supporting Files */,
			);
			path = Calculator;
			sourceTree = "<group>";
		};
		1995337B1CE8FA7C00EE8A49 /* Supporting Files */ = {
			isa = PBXGroup;
			children = (
				199533751CE8F74100EE8A49 /* Info.plist */,
				199533721CE8F74100EE8A49 /* LaunchScreen.storyboard */,
				199533691CE8F74100EE8A49 /* AppDelegate.swift */,
				199533701CE8F74100EE8A49 /* Assets.xcassets */,
			);
			name = "Supporting Files";
			sourceTree = "<group>";
		};
/* End PBXGroup section */

/* Begin PBXNativeTarget section */
		199533651CE8F74100EE8A49 /* Calculator */ = {
			isa = PBXNativeTarget;
			buildConfigurationList = 199533781CE8F74100EE8A49 /* Build configuration list for PBXNativeTarget "Calculator" */;
			buildPhases = (
				199533621CE8F74100EE8A49 /* Sources */,
				199533631CE8F74100EE8A49 /* Frameworks */,
				199533641CE8F74100EE8A49 /* Resources */,
			);
			buildRules = (
			);
			dependencies = (
			);
			name = Calculator;
			productName = Calculator;
			productReference = 199533661CE8F74100EE8A49 /* Calculator.app */;
			productType = "com.apple.product-type.application";
		};
/* End PBXNativeTarget section */

/* Begin PBXProject section */
		1995335E1CE8F74100EE8A49 /* Project object */ = {
			isa = PBXProject;
			attributes = {
				LastSwiftUpdateCheck = 0730;
				LastUpgradeCheck = 0730;
				ORGANIZATIONNAME = "Richard Ni";
				TargetAttributes = {
					199533651CE8F74100EE8A49 = {
						CreatedOnToolsVersion = 7.3.1;
						DevelopmentTeam = TX73VT72QG;
					};
				};
			};
			buildConfigurationList = 199533611CE8F74100EE8A49 /* Build configuration list for PBXProject "Calculator" */;
			compatibilityVersion = "Xcode 3.2";
			developmentRegion = English;
			hasScannedForEncodings = 0;
			knownRegions = (
				en,
				Base,
			);
			mainGroup = 1995335D1CE8F74100EE8A49;
			productRefGroup = 199533671CE8F74100EE8A49 /* Products */;
			projectDirPath = "";
			projectRoot = "";
			targets = (
				199533651CE8F74100EE8A49 /* Calculator */,
			);
		};
/* End PBXProject section */

/* Begin PBXResourcesBuildPhase section */
		199533641CE8F74100EE8A49 /* Resources */ = {
			isa = PBXResourcesBuildPhase;
			buildActionMask = 2147483647;
			files = (
				199533741CE8F74100EE8A49 /* LaunchScreen.storyboard in Resources */,
				199533711CE8F74100EE8A49 /* Assets.xcassets in Resources */,
				1995336F1CE8F74100EE8A49 /* Main.storyboard in Resources */,
			);
			runOnlyForDeploymentPostprocessing = 0;
		};
/* End PBXResourcesBuildPhase section */

/* Begin PBXSourcesBuildPhase section */
		199533621CE8F74100EE8A49 /* Sources */ = {
			isa = PBXSourcesBuildPhase;
			buildActionMask = 2147483647;
			files = (
				1996DCBC1CE93D93005336C3 /* CalculatorBrain.swift in Sources */,
				1995336C1CE8F74100EE8A49 /* ViewController.swift in Sources */,
				1995336A1CE8F74100EE8A49 /* AppDelegate.swift in Sources */,
			);
			runOnlyForDeploymentPostprocessing = 0;
		};
/* End PBXSourcesBuildPhase section */

/* Begin PBXVariantGroup section */
		1995336D1CE8F74100EE8A49 /* Main.storyboard */ = {
			isa = PBXVariantGroup;
			children = (
				1995336E1CE8F74100EE8A49 /* Base */,
			);
			name = Main.storyboard;
			sourceTree = "<group>";
		};
		199533721CE8F74100EE8A49 /* LaunchScreen.storyboard */ = {
			isa = PBXVariantGroup;
			children = (
				199533731CE8F74100EE8A49 /* Base */,
			);
			name = LaunchScreen.storyboard;
			sourceTree = "<group>";
		};
/* End PBXVariantGroup section */

/* Begin XCBuildConfiguration section */
		199533761CE8F74100EE8A49 /* Debug */ = {
			isa = XCBuildConfiguration;
			buildSettings = {
				ALWAYS_SEARCH_USER_PATHS = NO;
				CLANG_ANALYZER_NONNULL = YES;
				CLANG_CXX_LANGUAGE_STANDARD = "gnu++0x";
				CLANG_CXX_LIBRARY = "libc++";
				CLANG_ENABLE_MODULES = YES;
				CLANG_ENABLE_OBJC_ARC = YES;
				CLANG_WARN_BOOL_CONVERSION = YES;
				CLANG_WARN_CONSTANT_CONVERSION = YES;
				CLANG_WARN_DIRECT_OBJC_ISA_USAGE = YES_ERROR;
				CLANG_WARN_EMPTY_BODY = YES;
				CLANG_WARN_ENUM_CONVERSION = YES;
				CLANG_WARN_INT_CONVERSION = YES;
				CLANG_WARN_OBJC_ROOT_CLASS = YES_ERROR;
				CLANG_WARN_UNREACHABLE_CODE = YES;
				CLANG_WARN__DUPLICATE_METHOD_MATCH = YES;
				"CODE_SIGN_IDENTITY[sdk=iphoneos*]" = "iPhone Developer";
				COPY_PHASE_STRIP = NO;
				DEBUG_INFORMATION_FORMAT = dwarf;
				ENABLE_STRICT_OBJC_MSGSEND = YES;
				ENABLE_TESTABILITY = YES;
				GCC_C_LANGUAGE_STANDARD = gnu99;
				GCC_DYNAMIC_NO_PIC = NO;
				GCC_NO_COMMON_BLOCKS = YES;
				GCC_OPTIMIZATION_LEVEL = 0;
				GCC_PREPROCESSOR_DEFINITIONS = (
					"DEBUG=1",
					"$(inherited)",
				);
				GCC_WARN_64_TO_32_BIT_CONVERSION = YES;
				GCC_WARN_ABOUT_RETURN_TYPE = YES_ERROR;
				GCC_WARN_UNDECLARED_SELECTOR = YES;
				GCC_WARN_UNINITIALIZED_AUTOS = YES_AGGRESSIVE;
				GCC_WARN_UNUSED_FUNCTION = YES;
				GCC_WARN_UNUSED_VARIABLE = YES;
				IPHONEOS_DEPLOYMENT_TARGET = 9.3;
				MTL_ENABLE_DEBUG_INFO = YES;
				ONLY_ACTIVE_ARCH = YES;
				SDKROOT = iphoneos;
				SWIFT_OPTIMIZATION_LEVEL = "-Onone";
				TARGETED_DEVICE_FAMILY = "1,2";
			};
			name = Debug;
		};
		199533771CE8F74100EE8A49 /* Release */ = {
			isa = XCBuildConfiguration;
			buildSettings = {
				ALWAYS_SEARCH_USER_PATHS = NO;
				CLANG_ANALYZER_NONNULL = YES;
				CLANG_CXX_LANGUAGE_STANDARD = "gnu++0x";
				CLANG_CXX_LIBRARY = "libc++";
				CLANG_ENABLE_MODULES = YES;
				CLANG_ENABLE_OBJC_ARC = YES;
				CLANG_WARN_BOOL_CONVERSION = YES;
				CLANG_WARN_CONSTANT_CONVERSION = YES;
				CLANG_WARN_DIRECT_OBJC_ISA_USAGE = YES_ERROR;
				CLANG_WARN_EMPTY_BODY = YES;
				CLANG_WARN_ENUM_CONVERSION = YES;
				CLANG_WARN_INT_CONVERSION = YES;
				CLANG_WARN_OBJC_ROOT_CLASS = YES_ERROR;
				CLANG_WARN_UNREACHABLE_CODE = YES;
				CLANG_WARN__DUPLICATE_METHOD_MATCH = YES;
				"CODE_SIGN_IDENTITY[sdk=iphoneos*]" = "iPhone Developer";
				COPY_PHASE_STRIP = NO;
				DEBUG_INFORMATION_FORMAT = "dwarf-with-dsym";
				ENABLE_NS_ASSERTIONS = NO;
				ENABLE_STRICT_OBJC_MSGSEND = YES;
				GCC_C_LANGUAGE_STANDARD = gnu99;
				GCC_NO_COMMON_BLOCKS = YES;
				GCC_WARN_64_TO_32_BIT_CONVERSION = YES;
				GCC_WARN_ABOUT_RETURN_TYPE = YES_ERROR;
				GCC_WARN_UNDECLARED_SELECTOR = YES;
				GCC_WARN_UNINITIALIZED_AUTOS = YES_AGGRESSIVE;
				GCC_WARN_UNUSED_FUNCTION = YES;
				GCC_WARN_UNUSED_VARIABLE = YES;
				IPHONEOS_DEPLOYMENT_TARGET = 9.3;
				MTL_ENABLE_DEBUG_INFO = NO;
				SDKROOT = iphoneos;
				TARGETED_DEVICE_FAMILY = "1,2";
				VALIDATE_PRODUCT = YES;
			};
			name = Release;
		};
		199533791CE8F74100EE8A49 /* Debug */ = {
			isa = XCBuildConfiguration;
			buildSettings = {
				ASSETCATALOG_COMPILER_APPICON_NAME = AppIcon;
				CODE_SIGN_IDENTITY = "iPhone Developer";
				INFOPLIST_FILE = Calculator/Info.plist;
				LD_RUNPATH_SEARCH_PATHS = "$(inherited) @executable_path/Frameworks";
				PRODUCT_BUNDLE_IDENTIFIER = dxy159.Calculator;
				PRODUCT_NAME = "$(TARGET_NAME)";
			};
			name = Debug;
		};
		1995337A1CE8F74100EE8A49 /* Release */ = {
			isa = XCBuildConfiguration;
			buildSettings = {
				ASSETCATALOG_COMPILER_APPICON_NAME = AppIcon;
				CODE_SIGN_IDENTITY = "iPhone Developer";
				INFOPLIST_FILE = Calculator/Info.plist;
				LD_RUNPATH_SEARCH_PATHS = "$(inherited) @executable_path/Frameworks";
				PRODUCT_BUNDLE_IDENTIFIER = dxy159.Calculator;
				PRODUCT_NAME = "$(TARGET_NAME)";
			};
			name = Release;
		};
/* End XCBuildConfiguration section */

/* Begin XCConfigurationList section */
		199533611CE8F74100EE8A49 /* Build configuration list for PBXProject "Calculator" */ = {
			isa = XCConfigurationList;
			buildConfigurations = (
				199533761CE8F74100EE8A49 /* Debug */,
				199533771CE8F74100EE8A49 /* Release */,
			);
			defaultConfigurationIsVisible = 0;
			defaultConfigurationName = Release;
		};
		199533781CE8F74100EE8A49 /* Build configuration list for PBXNativeTarget "Calculator" */ = {
			isa = XCConfigurationList;
			buildConfigurations = (
				199533791CE8F74100EE8A49 /* Debug */,
				1995337A1CE8F74100EE8A49 /* Release */,
			);
			defaultConfigurationIsVisible = 0;
			defaultConfigurationName = Release;
		};
/* End XCConfigurationList section */
	};
	rootObject = 1995335E1CE8F74100EE8A49 /* Project object */;
}
